
Microsoft Visual Studio Solution File, Format Version 12.00
# Visual Studio Version 17
VisualStudioVersion = 17.11.35222.181
MinimumVisualStudioVersion = 10.0.40219.1
Project("{FAE04EC0-301F-11D3-BF4B-00C04F79EFBC}") = "Complex", "Complex\Complex.csproj", "{039E07CF-341B-4C81-B51A-94B4A9024077}"
EndProject
Global
	GlobalSection(SolutionConfigurationPlatforms) = preSolution
		Debug|Any CPU = Debug|Any CPU
		Release|Any CPU = Release|Any CPU
	EndGlobalSection
	GlobalSection(ProjectConfigurationPlatforms) = postSolution
		{039E07CF-341B-4C81-B51A-94B4A9024077}.Debug|Any CPU.ActiveCfg = Debug|Any CPU
		{039E07CF-341B-4C81-B51A-94B4A9024077}.Debug|Any CPU.Build.0 = Debug|Any CPU
		{039E07CF-341B-4C81-B51A-94B4A9024077}.Release|Any CPU.ActiveCfg = Release|Any CPU
		{039E07CF-341B-4C81-B51A-94B4A9024077}.Release|Any CPU.Build.0 = Release|Any CPU
	EndGlobalSection
	GlobalSection(SolutionProperties) = preSolution
		HideSolutionNode = FALSE
	EndGlobalSection
	GlobalSection(ExtensibilityGlobals) = postSolution
		SolutionGuid = {D8895786-56E0-4B7C-9816-4E0B83750285}
	EndGlobalSection
EndGlobal
