
Microsoft Visual Studio Solution File, Format Version 12.00
# Visual Studio Version 17
VisualStudioVersion = 17.11.35222.181
MinimumVisualStudioVersion = 10.0.40219.1
Project("{FAE04EC0-301F-11D3-BF4B-00C04F79EFBC}") = "SHA256", "SHA256\SHA256.csproj", "{1312B176-5669-4FC5-96F1-7F85E7137228}"
EndProject
Global
	GlobalSection(SolutionConfigurationPlatforms) = preSolution
		Debug|Any CPU = Debug|Any CPU
		Release|Any CPU = Release|Any CPU
	EndGlobalSection
	GlobalSection(ProjectConfigurationPlatforms) = postSolution
		{1312B176-5669-4FC5-96F1-7F85E7137228}.Debug|Any CPU.ActiveCfg = Debug|Any CPU
		{1312B176-5669-4FC5-96F1-7F85E7137228}.Debug|Any CPU.Build.0 = Debug|Any CPU
		{1312B176-5669-4FC5-96F1-7F85E7137228}.Release|Any CPU.ActiveCfg = Release|Any CPU
		{1312B176-5669-4FC5-96F1-7F85E7137228}.Release|Any CPU.Build.0 = Release|Any CPU
	EndGlobalSection
	GlobalSection(SolutionProperties) = preSolution
		HideSolutionNode = FALSE
	EndGlobalSection
	GlobalSection(ExtensibilityGlobals) = postSolution
		SolutionGuid = {1E84A864-E1BD-4C04-A527-80FA1E70A769}
	EndGlobalSection
EndGlobal
