
Microsoft Visual Studio Solution File, Format Version 12.00
# Visual Studio Version 17
VisualStudioVersion = 17.11.35222.181
MinimumVisualStudioVersion = 10.0.40219.1
Project("{FAE04EC0-301F-11D3-BF4B-00C04F79EFBC}") = "Evklid_silicon", "Evklid_silicon\Evklid_silicon.csproj", "{BADFA3C1-D17A-4A7E-ABEB-1D0ED2545367}"
EndProject
Global
	GlobalSection(SolutionConfigurationPlatforms) = preSolution
		Debug|Any CPU = Debug|Any CPU
		Release|Any CPU = Release|Any CPU
	EndGlobalSection
	GlobalSection(ProjectConfigurationPlatforms) = postSolution
		{BADFA3C1-D17A-4A7E-ABEB-1D0ED2545367}.Debug|Any CPU.ActiveCfg = Debug|Any CPU
		{BADFA3C1-D17A-4A7E-ABEB-1D0ED2545367}.Debug|Any CPU.Build.0 = Debug|Any CPU
		{BADFA3C1-D17A-4A7E-ABEB-1D0ED2545367}.Release|Any CPU.ActiveCfg = Release|Any CPU
		{BADFA3C1-D17A-4A7E-ABEB-1D0ED2545367}.Release|Any CPU.Build.0 = Release|Any CPU
	EndGlobalSection
	GlobalSection(SolutionProperties) = preSolution
		HideSolutionNode = FALSE
	EndGlobalSection
	GlobalSection(ExtensibilityGlobals) = postSolution
		SolutionGuid = {DB04E992-AEA5-4F8B-A39B-AC8C93549E0B}
	EndGlobalSection
EndGlobal
