
Microsoft Visual Studio Solution File, Format Version 12.00
# Visual Studio Version 17
VisualStudioVersion = 17.11.35222.181
MinimumVisualStudioVersion = 10.0.40219.1
Project("{FAE04EC0-301F-11D3-BF4B-00C04F79EFBC}") = "Enums", "Enums\Enums.csproj", "{762A7430-4F50-4F40-B8B8-C87E1F44E8BF}"
EndProject
Global
	GlobalSection(SolutionConfigurationPlatforms) = preSolution
		Debug|Any CPU = Debug|Any CPU
		Release|Any CPU = Release|Any CPU
	EndGlobalSection
	GlobalSection(ProjectConfigurationPlatforms) = postSolution
		{762A7430-4F50-4F40-B8B8-C87E1F44E8BF}.Debug|Any CPU.ActiveCfg = Debug|Any CPU
		{762A7430-4F50-4F40-B8B8-C87E1F44E8BF}.Debug|Any CPU.Build.0 = Debug|Any CPU
		{762A7430-4F50-4F40-B8B8-C87E1F44E8BF}.Release|Any CPU.ActiveCfg = Release|Any CPU
		{762A7430-4F50-4F40-B8B8-C87E1F44E8BF}.Release|Any CPU.Build.0 = Release|Any CPU
	EndGlobalSection
	GlobalSection(SolutionProperties) = preSolution
		HideSolutionNode = FALSE
	EndGlobalSection
	GlobalSection(ExtensibilityGlobals) = postSolution
		SolutionGuid = {BC2527E9-B78E-438D-B245-B5526373DBBB}
	EndGlobalSection
EndGlobal
