
Microsoft Visual Studio Solution File, Format Version 12.00
# Visual Studio Version 17
VisualStudioVersion = 17.11.35222.181
MinimumVisualStudioVersion = 10.0.40219.1
Project("{FAE04EC0-301F-11D3-BF4B-00C04F79EFBC}") = "Train", "Train\Train.csproj", "{173AE5A8-2C18-42FE-971F-CF6B5B01AF44}"
EndProject
Global
	GlobalSection(SolutionConfigurationPlatforms) = preSolution
		Debug|Any CPU = Debug|Any CPU
		Release|Any CPU = Release|Any CPU
	EndGlobalSection
	GlobalSection(ProjectConfigurationPlatforms) = postSolution
		{173AE5A8-2C18-42FE-971F-CF6B5B01AF44}.Debug|Any CPU.ActiveCfg = Debug|Any CPU
		{173AE5A8-2C18-42FE-971F-CF6B5B01AF44}.Debug|Any CPU.Build.0 = Debug|Any CPU
		{173AE5A8-2C18-42FE-971F-CF6B5B01AF44}.Release|Any CPU.ActiveCfg = Release|Any CPU
		{173AE5A8-2C18-42FE-971F-CF6B5B01AF44}.Release|Any CPU.Build.0 = Release|Any CPU
	EndGlobalSection
	GlobalSection(SolutionProperties) = preSolution
		HideSolutionNode = FALSE
	EndGlobalSection
	GlobalSection(ExtensibilityGlobals) = postSolution
		SolutionGuid = {865ADDE4-9EF3-48E6-92F7-5DE7B4270EB9}
	EndGlobalSection
EndGlobal
