
Microsoft Visual Studio Solution File, Format Version 12.00
# Visual Studio Version 17
VisualStudioVersion = 17.11.35222.181
MinimumVisualStudioVersion = 10.0.40219.1
Project("{FAE04EC0-301F-11D3-BF4B-00C04F79EFBC}") = "FileOpener", "FileOpener\FileOpener.csproj", "{6E712F6B-26A6-4CD9-BBCC-9E6152AEABCC}"
EndProject
Global
	GlobalSection(SolutionConfigurationPlatforms) = preSolution
		Debug|Any CPU = Debug|Any CPU
		Release|Any CPU = Release|Any CPU
	EndGlobalSection
	GlobalSection(ProjectConfigurationPlatforms) = postSolution
		{6E712F6B-26A6-4CD9-BBCC-9E6152AEABCC}.Debug|Any CPU.ActiveCfg = Debug|Any CPU
		{6E712F6B-26A6-4CD9-BBCC-9E6152AEABCC}.Debug|Any CPU.Build.0 = Debug|Any CPU
		{6E712F6B-26A6-4CD9-BBCC-9E6152AEABCC}.Release|Any CPU.ActiveCfg = Release|Any CPU
		{6E712F6B-26A6-4CD9-BBCC-9E6152AEABCC}.Release|Any CPU.Build.0 = Release|Any CPU
	EndGlobalSection
	GlobalSection(SolutionProperties) = preSolution
		HideSolutionNode = FALSE
	EndGlobalSection
	GlobalSection(ExtensibilityGlobals) = postSolution
		SolutionGuid = {4212115E-DFC7-451E-B16B-49FC6DD22EC8}
	EndGlobalSection
EndGlobal
